// !$*UTF8*$!
{
	archiveVersion = 1;
	classes = {
	};
	objectVersion = 50;
	objects = {

/* Begin PBXBuildFile section */
		B42E1F1D24FAC01E00A159A5 /* AppDelegate.swift in Sources */ = {isa = PBXBuildFile; fileRef = B42E1F1C24FAC01E00A159A5 /* AppDelegate.swift */; };
		B42E1F1F24FAC01E00A159A5 /* SceneDelegate.swift in Sources */ = {isa = PBXBuildFile; fileRef = B42E1F1E24FAC01E00A159A5 /* SceneDelegate.swift */; };
		B42E1F2124FAC01E00A159A5 /* ViewController.swift in Sources */ = {isa = PBXBuildFile; fileRef = B42E1F2024FAC01E00A159A5 /* ViewController.swift */; };
		B42E1F2424FAC01E00A159A5 /* Main.storyboard in Resources */ = {isa = PBXBuildFile; fileRef = B42E1F2224FAC01E00A159A5 /* Main.storyboard */; };
		B42E1F2624FAC02200A159A5 /* Assets.xcassets in Resources */ = {isa = PBXBuildFile; fileRef = B42E1F2524FAC02200A159A5 /* Assets.xcassets */; };
		B42E1F2924FAC02200A159A5 /* LaunchScreen.storyboard in Resources */ = {isa = PBXBuildFile; fileRef = B42E1F2724FAC02200A159A5 /* LaunchScreen.storyboard */; };
		B42E1F3124FACF0500A159A5 /* ResultViewController.swift in Sources */ = {isa = PBXBuildFile; fileRef = B42E1F3024FACF0500A159A5 /* ResultViewController.swift */; };
		B46F9CD724FAD19700CB6FCF /* Brain.swift in Sources */ = {isa = PBXBuildFile; fileRef = B46F9CD624FAD19700CB6FCF /* Brain.swift */; };
		B46F9CDA24FAD24600CB6FCF /* BMI.swift in Sources */ = {isa = PBXBuildFile; fileRef = B46F9CD924FAD24600CB6FCF /* BMI.swift */; };
/* End PBXBuildFile section */

/* Begin PBXFileReference section */
		B42E1F1924FAC01E00A159A5 /* BMI Calculator.app */ = {isa = PBXFileReference; explicitFileType = wrapper.application; includeInIndex = 0; path = "BMI Calculator.app"; sourceTree = BUILT_PRODUCTS_DIR; };
		B42E1F1C24FAC01E00A159A5 /* AppDelegate.swift */ = {isa = PBXFileReference; lastKnownFileType = sourcecode.swift; path = AppDelegate.swift; sourceTree = "<group>"; };
		B42E1F1E24FAC01E00A159A5 /* SceneDelegate.swift */ = {isa = PBXFileReference; lastKnownFileType = sourcecode.swift; path = SceneDelegate.swift; sourceTree = "<group>"; };
		B42E1F2024FAC01E00A159A5 /* ViewController.swift */ = {isa = PBXFileReference; lastKnownFileType = sourcecode.swift; path = ViewController.swift; sourceTree = "<group>"; };
		B42E1F2324FAC01E00A159A5 /* Base */ = {isa = PBXFileReference; lastKnownFileType = file.storyboard; name = Base; path = Base.lproj/Main.storyboard; sourceTree = "<group>"; };
		B42E1F2524FAC02200A159A5 /* Assets.xcassets */ = {isa = PBXFileReference; lastKnownFileType = folder.assetcatalog; path = Assets.xcassets; sourceTree = "<group>"; };
		B42E1F2824FAC02200A159A5 /* Base */ = {isa = PBXFileReference; lastKnownFileType = file.storyboard; name = Base; path = Base.lproj/LaunchScreen.storyboard; sourceTree = "<group>"; };
		B42E1F2A24FAC02200A159A5 /* Info.plist */ = {isa = PBXFileReference; lastKnownFileType = text.plist.xml; path = Info.plist; sourceTree = "<group>"; };
		B42E1F3024FACF0500A159A5 /* ResultViewController.swift */ = {isa = PBXFileReference; lastKnownFileType = sourcecode.swift; path = ResultViewController.swift; sourceTree = "<group>"; };
		B46F9CD624FAD19700CB6FCF /* Brain.swift */ = {isa = PBXFileReference; lastKnownFileType = sourcecode.swift; path = Brain.swift; sourceTree = "<group>"; };
		B46F9CD924FAD24600CB6FCF /* BMI.swift */ = {isa = PBXFileReference; lastKnownFileType = sourcecode.swift; path = BMI.swift; sourceTree = "<group>"; };
		B46F9CDB24FAD72B00CB6FCF /* README.md */ = {isa = PBXFileReference; lastKnownFileType = net.daringfireball.markdown; path = README.md; sourceTree = "<group>"; };
		B46F9CE624FAD8C400CB6FCF /* HomeScreenThree.png */ = {isa = PBXFileReference; lastKnownFileType = image.png; path = HomeScreenThree.png; sourceTree = "<group>"; };
		B46F9CE724FAD8C400CB6FCF /* ResultScreen4.png */ = {isa = PBXFileReference; lastKnownFileType = image.png; path = ResultScreen4.png; sourceTree = "<group>"; };
		B46F9CE824FAD8C400CB6FCF /* ResultScreenOne.png */ = {isa = PBXFileReference; lastKnownFileType = image.png; path = ResultScreenOne.png; sourceTree = "<group>"; };
		B46F9CE924FAD8C400CB6FCF /* HomeScreenFour.png */ = {isa = PBXFileReference; lastKnownFileType = image.png; path = HomeScreenFour.png; sourceTree = "<group>"; };
		B46F9CEA24FAD8C400CB6FCF /* HomeScreenOne.png */ = {isa = PBXFileReference; lastKnownFileType = image.png; path = HomeScreenOne.png; sourceTree = "<group>"; };
		B46F9CEB24FAD8C400CB6FCF /* ResultScreenThree.png */ = {isa = PBXFileReference; lastKnownFileType = image.png; path = ResultScreenThree.png; sourceTree = "<group>"; };
		B46F9CEC24FAD8C400CB6FCF /* ResultScreenTwo.png */ = {isa = PBXFileReference; lastKnownFileType = image.png; path = ResultScreenTwo.png; sourceTree = "<group>"; };
		B46F9CED24FAD8C400CB6FCF /* HomeScreenTwo.png */ = {isa = PBXFileReference; lastKnownFileType = image.png; path = HomeScreenTwo.png; sourceTree = "<group>"; };
/* End PBXFileReference section */

/* Begin PBXFrameworksBuildPhase section */
		B42E1F1624FAC01E00A159A5 /* Frameworks */ = {
			isa = PBXFrameworksBuildPhase;
			buildActionMask = 2147483647;
			files = (
			);
			runOnlyForDeploymentPostprocessing = 0;
		};
/* End PBXFrameworksBuildPhase section */

/* Begin PBXGroup section */
		B42E1F1024FAC01E00A159A5 = {
			isa = PBXGroup;
			children = (
				B46F9CDB24FAD72B00CB6FCF /* README.md */,
				B46F9CE424FAD7FD00CB6FCF /* Screenshots */,
				B42E1F1B24FAC01E00A159A5 /* BMI Calculator */,
				B42E1F1A24FAC01E00A159A5 /* Products */,
			);
			sourceTree = "<group>";
		};
		B42E1F1A24FAC01E00A159A5 /* Products */ = {
			isa = PBXGroup;
			children = (
				B42E1F1924FAC01E00A159A5 /* BMI Calculator.app */,
			);
			name = Products;
			sourceTree = "<group>";
		};
		B42E1F1B24FAC01E00A159A5 /* BMI Calculator */ = {
			isa = PBXGroup;
			children = (
				B42E1F1C24FAC01E00A159A5 /* AppDelegate.swift */,
				B42E1F1E24FAC01E00A159A5 /* SceneDelegate.swift */,
				B46F9CD824FAD23C00CB6FCF /* Models */,
				B42E1F3324FACF1800A159A5 /* Views */,
				B42E1F3224FACF0E00A159A5 /* Controllers */,
				B42E1F2524FAC02200A159A5 /* Assets.xcassets */,
				B42E1F2A24FAC02200A159A5 /* Info.plist */,
			);
			path = "BMI Calculator";
			sourceTree = "<group>";
		};
		B42E1F3224FACF0E00A159A5 /* Controllers */ = {
			isa = PBXGroup;
			children = (
				B42E1F2024FAC01E00A159A5 /* ViewController.swift */,
				B42E1F3024FACF0500A159A5 /* ResultViewController.swift */,
			);
			path = Controllers;
			sourceTree = "<group>";
		};
		B42E1F3324FACF1800A159A5 /* Views */ = {
			isa = PBXGroup;
			children = (
				B42E1F2224FAC01E00A159A5 /* Main.storyboard */,
				B42E1F2724FAC02200A159A5 /* LaunchScreen.storyboard */,
			);
			path = Views;
			sourceTree = "<group>";
		};
		B46F9CD824FAD23C00CB6FCF /* Models */ = {
			isa = PBXGroup;
			children = (
				B46F9CD624FAD19700CB6FCF /* Brain.swift */,
				B46F9CD924FAD24600CB6FCF /* BMI.swift */,
			);
			path = Models;
			sourceTree = "<group>";
		};
		B46F9CE424FAD7FD00CB6FCF /* Screenshots */ = {
			isa = PBXGroup;
			children = (
				B46F9CE924FAD8C400CB6FCF /* HomeScreenFour.png */,
				B46F9CEA24FAD8C400CB6FCF /* HomeScreenOne.png */,
				B46F9CE624FAD8C400CB6FCF /* HomeScreenThree.png */,
				B46F9CED24FAD8C400CB6FCF /* HomeScreenTwo.png */,
				B46F9CE724FAD8C400CB6FCF /* ResultScreen4.png */,
				B46F9CE824FAD8C400CB6FCF /* ResultScreenOne.png */,
				B46F9CEB24FAD8C400CB6FCF /* ResultScreenThree.png */,
				B46F9CEC24FAD8C400CB6FCF /* ResultScreenTwo.png */,
			);
			path = Screenshots;
			sourceTree = "<group>";
		};
/* End PBXGroup section */

/* Begin PBXNativeTarget section */
		B42E1F1824FAC01E00A159A5 /* BMI Calculator */ = {
			isa = PBXNativeTarget;
			buildConfigurationList = B42E1F2D24FAC02200A159A5 /* Build configuration list for PBXNativeTarget "BMI Calculator" */;
			buildPhases = (
				B42E1F1524FAC01E00A159A5 /* Sources */,
				B42E1F1624FAC01E00A159A5 /* Frameworks */,
				B42E1F1724FAC01E00A159A5 /* Resources */,
			);
			buildRules = (
			);
			dependencies = (
			);
			name = "BMI Calculator";
			productName = "BMI Calculator";
			productReference = B42E1F1924FAC01E00A159A5 /* BMI Calculator.app */;
			productType = "com.apple.product-type.application";
		};
/* End PBXNativeTarget section */

/* Begin PBXProject section */
		B42E1F1124FAC01E00A159A5 /* Project object */ = {
			isa = PBXProject;
			attributes = {
				LastSwiftUpdateCheck = 1160;
				LastUpgradeCheck = 1160;
				ORGANIZATIONNAME = "Nishant Taneja";
				TargetAttributes = {
					B42E1F1824FAC01E00A159A5 = {
						CreatedOnToolsVersion = 11.6;
					};
				};
			};
			buildConfigurationList = B42E1F1424FAC01E00A159A5 /* Build configuration list for PBXProject "BMI Calculator" */;
			compatibilityVersion = "Xcode 9.3";
			developmentRegion = en;
			hasScannedForEncodings = 0;
			knownRegions = (
				en,
				Base,
			);
			mainGroup = B42E1F1024FAC01E00A159A5;
			productRefGroup = B42E1F1A24FAC01E00A159A5 /* Products */;
			projectDirPath = "";
			projectRoot = "";
			targets = (
				B42E1F1824FAC01E00A159A5 /* BMI Calculator */,
			);
		};
/* End PBXProject section */

/* Begin PBXResourcesBuildPhase section */
		B42E1F1724FAC01E00A159A5 /* Resources */ = {
			isa = PBXResourcesBuildPhase;
			buildActionMask = 2147483647;
			files = (
				B42E1F2924FAC02200A159A5 /* LaunchScreen.storyboard in Resources */,
				B42E1F2624FAC02200A159A5 /* Assets.xcassets in Resources */,
				B42E1F2424FAC01E00A159A5 /* Main.storyboard in Resources */,
			);
			runOnlyForDeploymentPostprocessing = 0;
		};
/* End PBXResourcesBuildPhase section */

/* Begin PBXSourcesBuildPhase section */
		B42E1F1524FAC01E00A159A5 /* Sources */ = {
			isa = PBXSourcesBuildPhase;
			buildActionMask = 2147483647;
			files = (
				B42E1F2124FAC01E00A159A5 /* ViewController.swift in Sources */,
				B42E1F1D24FAC01E00A159A5 /* AppDelegate.swift in Sources */,
				B42E1F1F24FAC01E00A159A5 /* SceneDelegate.swift in Sources */,
				B46F9CD724FAD19700CB6FCF /* Brain.swift in Sources */,
				B46F9CDA24FAD24600CB6FCF /* BMI.swift in Sources */,
				B42E1F3124FACF0500A159A5 /* ResultViewController.swift in Sources */,
			);
			runOnlyForDeploymentPostprocessing = 0;
		};
/* End PBXSourcesBuildPhase section */

/* Begin PBXVariantGroup section */
		B42E1F2224FAC01E00A159A5 /* Main.storyboard */ = {
			isa = PBXVariantGroup;
			children = (
				B42E1F2324FAC01E00A159A5 /* Base */,
			);
			name = Main.storyboard;
			sourceTree = "<group>";
		};
		B42E1F2724FAC02200A159A5 /* LaunchScreen.storyboard */ = {
			isa = PBXVariantGroup;
			children = (
				B42E1F2824FAC02200A159A5 /* Base */,
			);
			name = LaunchScreen.storyboard;
			sourceTree = "<group>";
		};
/* End PBXVariantGroup section */

/* Begin XCBuildConfiguration section */
		B42E1F2B24FAC02200A159A5 /* Debug */ = {
			isa = XCBuildConfiguration;
			buildSettings = {
				ALWAYS_SEARCH_USER_PATHS = NO;
				CLANG_ANALYZER_NONNULL = YES;
				CLANG_ANALYZER_NUMBER_OBJECT_CONVERSION = YES_AGGRESSIVE;
				CLANG_CXX_LANGUAGE_STANDARD = "gnu++14";
				CLANG_CXX_LIBRARY = "libc++";
				CLANG_ENABLE_MODULES = YES;
				CLANG_ENABLE_OBJC_ARC = YES;
				CLANG_ENABLE_OBJC_WEAK = YES;
				CLANG_WARN_BLOCK_CAPTURE_AUTORELEASING = YES;
				CLANG_WARN_BOOL_CONVERSION = YES;
				CLANG_WARN_COMMA = YES;
				CLANG_WARN_CONSTANT_CONVERSION = YES;
				CLANG_WARN_DEPRECATED_OBJC_IMPLEMENTATIONS = YES;
				CLANG_WARN_DIRECT_OBJC_ISA_USAGE = YES_ERROR;
				CLANG_WARN_DOCUMENTATION_COMMENTS = YES;
				CLANG_WARN_EMPTY_BODY = YES;
				CLANG_WARN_ENUM_CONVERSION = YES;
				CLANG_WARN_INFINITE_RECURSION = YES;
				CLANG_WARN_INT_CONVERSION = YES;
				CLANG_WARN_NON_LITERAL_NULL_CONVERSION = YES;
				CLANG_WARN_OBJC_IMPLICIT_RETAIN_SELF = YES;
				CLANG_WARN_OBJC_LITERAL_CONVERSION = YES;
				CLANG_WARN_OBJC_ROOT_CLASS = YES_ERROR;
				CLANG_WARN_RANGE_LOOP_ANALYSIS = YES;
				CLANG_WARN_STRICT_PROTOTYPES = YES;
				CLANG_WARN_SUSPICIOUS_MOVE = YES;
				CLANG_WARN_UNGUARDED_AVAILABILITY = YES_AGGRESSIVE;
				CLANG_WARN_UNREACHABLE_CODE = YES;
				CLANG_WARN__DUPLICATE_METHOD_MATCH = YES;
				COPY_PHASE_STRIP = NO;
				DEBUG_INFORMATION_FORMAT = dwarf;
				ENABLE_STRICT_OBJC_MSGSEND = YES;
				ENABLE_TESTABILITY = YES;
				GCC_C_LANGUAGE_STANDARD = gnu11;
				GCC_DYNAMIC_NO_PIC = NO;
				GCC_NO_COMMON_BLOCKS = YES;
				GCC_OPTIMIZATION_LEVEL = 0;
				GCC_PREPROCESSOR_DEFINITIONS = (
					"DEBUG=1",
					"$(inherited)",
				);
				GCC_WARN_64_TO_32_BIT_CONVERSION = YES;
				GCC_WARN_ABOUT_RETURN_TYPE = YES_ERROR;
				GCC_WARN_UNDECLARED_SELECTOR = YES;
				GCC_WARN_UNINITIALIZED_AUTOS = YES_AGGRESSIVE;
				GCC_WARN_UNUSED_FUNCTION = YES;
				GCC_WARN_UNUSED_VARIABLE = YES;
				IPHONEOS_DEPLOYMENT_TARGET = 13.6;
				MTL_ENABLE_DEBUG_INFO = INCLUDE_SOURCE;
				MTL_FAST_MATH = YES;
				ONLY_ACTIVE_ARCH = YES;
				SDKROOT = iphoneos;
				SWIFT_ACTIVE_COMPILATION_CONDITIONS = DEBUG;
				SWIFT_OPTIMIZATION_LEVEL = "-Onone";
			};
			name = Debug;
		};
		B42E1F2C24FAC02200A159A5 /* Release */ = {
			isa = XCBuildConfiguration;
			buildSettings = {
				ALWAYS_SEARCH_USER_PATHS = NO;
				CLANG_ANALYZER_NONNULL = YES;
				CLANG_ANALYZER_NUMBER_OBJECT_CONVERSION = YES_AGGRESSIVE;
				CLANG_CXX_LANGUAGE_STANDARD = "gnu++14";
				CLANG_CXX_LIBRARY = "libc++";
				CLANG_ENABLE_MODULES = YES;
				CLANG_ENABLE_OBJC_ARC = YES;
				CLANG_ENABLE_OBJC_WEAK = YES;
				CLANG_WARN_BLOCK_CAPTURE_AUTORELEASING = YES;
				CLANG_WARN_BOOL_CONVERSION = YES;
				CLANG_WARN_COMMA = YES;
				CLANG_WARN_CONSTANT_CONVERSION = YES;
				CLANG_WARN_DEPRECATED_OBJC_IMPLEMENTATIONS = YES;
				CLANG_WARN_DIRECT_OBJC_ISA_USAGE = YES_ERROR;
				CLANG_WARN_DOCUMENTATION_COMMENTS = YES;
				CLANG_WARN_EMPTY_BODY = YES;
				CLANG_WARN_ENUM_CONVERSION = YES;
				CLANG_WARN_INFINITE_RECURSION = YES;
				CLANG_WARN_INT_CONVERSION = YES;
				CLANG_WARN_NON_LITERAL_NULL_CONVERSION = YES;
				CLANG_WARN_OBJC_IMPLICIT_RETAIN_SELF = YES;
				CLANG_WARN_OBJC_LITERAL_CONVERSION = YES;
				CLANG_WARN_OBJC_ROOT_CLASS = YES_ERROR;
				CLANG_WARN_RANGE_LOOP_ANALYSIS = YES;
				CLANG_WARN_STRICT_PROTOTYPES = YES;
				CLANG_WARN_SUSPICIOUS_MOVE = YES;
				CLANG_WARN_UNGUARDED_AVAILABILITY = YES_AGGRESSIVE;
				CLANG_WARN_UNREACHABLE_CODE = YES;
				CLANG_WARN__DUPLICATE_METHOD_MATCH = YES;
				COPY_PHASE_STRIP = NO;
				DEBUG_INFORMATION_FORMAT = "dwarf-with-dsym";
				ENABLE_NS_ASSERTIONS = NO;
				ENABLE_STRICT_OBJC_MSGSEND = YES;
				GCC_C_LANGUAGE_STANDARD = gnu11;
				GCC_NO_COMMON_BLOCKS = YES;
				GCC_WARN_64_TO_32_BIT_CONVERSION = YES;
				GCC_WARN_ABOUT_RETURN_TYPE = YES_ERROR;
				GCC_WARN_UNDECLARED_SELECTOR = YES;
				GCC_WARN_UNINITIALIZED_AUTOS = YES_AGGRESSIVE;
				GCC_WARN_UNUSED_FUNCTION = YES;
				GCC_WARN_UNUSED_VARIABLE = YES;
				IPHONEOS_DEPLOYMENT_TARGET = 13.6;
				MTL_ENABLE_DEBUG_INFO = NO;
				MTL_FAST_MATH = YES;
				SDKROOT = iphoneos;
				SWIFT_COMPILATION_MODE = wholemodule;
				SWIFT_OPTIMIZATION_LEVEL = "-O";
				VALIDATE_PRODUCT = YES;
			};
			name = Release;
		};
		B42E1F2E24FAC02200A159A5 /* Debug */ = {
			isa = XCBuildConfiguration;
			buildSettings = {
				ASSETCATALOG_COMPILER_APPICON_NAME = AppIcon;
				CODE_SIGN_STYLE = Automatic;
				DEVELOPMENT_TEAM = 4YZDJM5F99;
				INFOPLIST_FILE = "BMI Calculator/Info.plist";
				LD_RUNPATH_SEARCH_PATHS = (
					"$(inherited)",
					"@executable_path/Frameworks",
				);
				PRODUCT_BUNDLE_IDENTIFIER = "com.nishanttaneja.BMI-Calculator";
				PRODUCT_NAME = "$(TARGET_NAME)";
				SWIFT_VERSION = 5.0;
				TARGETED_DEVICE_FAMILY = "1,2";
			};
			name = Debug;
		};
		B42E1F2F24FAC02200A159A5 /* Release */ = {
			isa = XCBuildConfiguration;
			buildSettings = {
				ASSETCATALOG_COMPILER_APPICON_NAME = AppIcon;
				CODE_SIGN_STYLE = Automatic;
				DEVELOPMENT_TEAM = 4YZDJM5F99;
				INFOPLIST_FILE = "BMI Calculator/Info.plist";
				LD_RUNPATH_SEARCH_PATHS = (
					"$(inherited)",
					"@executable_path/Frameworks",
				);
				PRODUCT_BUNDLE_IDENTIFIER = "com.nishanttaneja.BMI-Calculator";
				PRODUCT_NAME = "$(TARGET_NAME)";
				SWIFT_VERSION = 5.0;
				TARGETED_DEVICE_FAMILY = "1,2";
			};
			name = Release;
		};
/* End XCBuildConfiguration section */

/* Begin XCConfigurationList section */
		B42E1F1424FAC01E00A159A5 /* Build configuration list for PBXProject "BMI Calculator" */ = {
			isa = XCConfigurationList;
			buildConfigurations = (
				B42E1F2B24FAC02200A159A5 /* Debug */,
				B42E1F2C24FAC02200A159A5 /* Release */,
			);
			defaultConfigurationIsVisible = 0;
			defaultConfigurationName = Release;
		};
		B42E1F2D24FAC02200A159A5 /* Build configuration list for PBXNativeTarget "BMI Calculator" */ = {
			isa = XCConfigurationList;
			buildConfigurations = (
				B42E1F2E24FAC02200A159A5 /* Debug */,
				B42E1F2F24FAC02200A159A5 /* Release */,
			);
			defaultConfigurationIsVisible = 0;
			defaultConfigurationName = Release;
		};
/* End XCConfigurationList section */
	};
	rootObject = B42E1F1124FAC01E00A159A5 /* Project object */;
}
